
Microsoft Visual Studio Solution File, Format Version 12.00
# Visual Studio 2012
Project("{2150E333-8FDC-42A3-9474-1A3956D46DE8}") = "1 - Layers", "1 - Layers", "{8F602D42-96BA-479F-917E-DDABB304DC4C}"
EndProject
Project("{2150E333-8FDC-42A3-9474-1A3956D46DE8}") = "1.4 Domain", "1.4 Domain", "{CCCB6EB1-155F-4612-8261-7D4462AB7F09}"
EndProject
Project("{FAE04EC0-301F-11D3-BF4B-00C04F79EFBC}") = "Wikitec.Domain", "Wikitec.Domain\Wikitec.Domain.csproj", "{EE41548B-4FF1-4B0F-9AD8-0A378EE73B41}"
EndProject
Project("{2150E333-8FDC-42A3-9474-1A3956D46DE8}") = "1.1 Presentation", "1.1 Presentation", "{975F4124-E87B-457E-94EE-A93B410DD532}"
EndProject
Project("{FAE04EC0-301F-11D3-BF4B-00C04F79EFBC}") = "Web.Portal", "Web.Portal\Web.Portal.csproj", "{8361EEA1-975B-4114-874F-19CEF45C3B5D}"
EndProject
Project("{FAE04EC0-301F-11D3-BF4B-00C04F79EFBC}") = "Wikitec.DTO", "Wikitec.DTO\Wikitec.DTO.csproj", "{5C19276C-34DA-4C47-B072-3120DD3C2CCB}"
EndProject
Project("{2150E333-8FDC-42A3-9474-1A3956D46DE8}") = "1.3 Repositories", "1.3 Repositories", "{FE0B5CD8-0171-43A1-9C9F-90A0211C22EF}"
EndProject
Project("{FAE04EC0-301F-11D3-BF4B-00C04F79EFBC}") = "Wikitec.Repository", "Wikitec.Repository\Wikitec.Repository.csproj", "{3528CA57-59B7-4425-ABC5-9914661EA2EB}"
EndProject
Project("{2150E333-8FDC-42A3-9474-1A3956D46DE8}") = "1.2 Application", "1.2 Application", "{6C4403E9-C288-45A1-888B-77C0CF3C54B0}"
EndProject
Project("{FAE04EC0-301F-11D3-BF4B-00C04F79EFBC}") = "Wikitec.Application", "Wikitec.Application\Wikitec.Application.csproj", "{90C94DA8-0C19-45BD-ABB0-63A694CDD3AC}"
EndProject
Project("{2150E333-8FDC-42A3-9474-1A3956D46DE8}") = "2 - Tools", "2 - Tools", "{6346A35F-1B50-4ED3-8430-6E6670F19B02}"
EndProject
Project("{FAE04EC0-301F-11D3-BF4B-00C04F79EFBC}") = "InitDatabase", "InitDatabase\InitDatabase.csproj", "{4388729B-67AC-48F1-97CD-EDC40BEA393B}"
EndProject
Global
	GlobalSection(SolutionConfigurationPlatforms) = preSolution
		Debug|Any CPU = Debug|Any CPU
		Release|Any CPU = Release|Any CPU
	EndGlobalSection
	GlobalSection(ProjectConfigurationPlatforms) = postSolution
		{EE41548B-4FF1-4B0F-9AD8-0A378EE73B41}.Debug|Any CPU.ActiveCfg = Debug|Any CPU
		{EE41548B-4FF1-4B0F-9AD8-0A378EE73B41}.Debug|Any CPU.Build.0 = Debug|Any CPU
		{EE41548B-4FF1-4B0F-9AD8-0A378EE73B41}.Release|Any CPU.ActiveCfg = Release|Any CPU
		{EE41548B-4FF1-4B0F-9AD8-0A378EE73B41}.Release|Any CPU.Build.0 = Release|Any CPU
		{8361EEA1-975B-4114-874F-19CEF45C3B5D}.Debug|Any CPU.ActiveCfg = Debug|Any CPU
		{8361EEA1-975B-4114-874F-19CEF45C3B5D}.Debug|Any CPU.Build.0 = Debug|Any CPU
		{8361EEA1-975B-4114-874F-19CEF45C3B5D}.Release|Any CPU.ActiveCfg = Release|Any CPU
		{8361EEA1-975B-4114-874F-19CEF45C3B5D}.Release|Any CPU.Build.0 = Release|Any CPU
		{5C19276C-34DA-4C47-B072-3120DD3C2CCB}.Debug|Any CPU.ActiveCfg = Debug|Any CPU
		{5C19276C-34DA-4C47-B072-3120DD3C2CCB}.Debug|Any CPU.Build.0 = Debug|Any CPU
		{5C19276C-34DA-4C47-B072-3120DD3C2CCB}.Release|Any CPU.ActiveCfg = Release|Any CPU
		{5C19276C-34DA-4C47-B072-3120DD3C2CCB}.Release|Any CPU.Build.0 = Release|Any CPU
		{3528CA57-59B7-4425-ABC5-9914661EA2EB}.Debug|Any CPU.ActiveCfg = Debug|Any CPU
		{3528CA57-59B7-4425-ABC5-9914661EA2EB}.Debug|Any CPU.Build.0 = Debug|Any CPU
		{3528CA57-59B7-4425-ABC5-9914661EA2EB}.Release|Any CPU.ActiveCfg = Release|Any CPU
		{3528CA57-59B7-4425-ABC5-9914661EA2EB}.Release|Any CPU.Build.0 = Release|Any CPU
		{90C94DA8-0C19-45BD-ABB0-63A694CDD3AC}.Debug|Any CPU.ActiveCfg = Debug|Any CPU
		{90C94DA8-0C19-45BD-ABB0-63A694CDD3AC}.Debug|Any CPU.Build.0 = Debug|Any CPU
		{90C94DA8-0C19-45BD-ABB0-63A694CDD3AC}.Release|Any CPU.ActiveCfg = Release|Any CPU
		{90C94DA8-0C19-45BD-ABB0-63A694CDD3AC}.Release|Any CPU.Build.0 = Release|Any CPU
		{4388729B-67AC-48F1-97CD-EDC40BEA393B}.Debug|Any CPU.ActiveCfg = Debug|Any CPU
		{4388729B-67AC-48F1-97CD-EDC40BEA393B}.Debug|Any CPU.Build.0 = Debug|Any CPU
		{4388729B-67AC-48F1-97CD-EDC40BEA393B}.Release|Any CPU.ActiveCfg = Release|Any CPU
		{4388729B-67AC-48F1-97CD-EDC40BEA393B}.Release|Any CPU.Build.0 = Release|Any CPU
	EndGlobalSection
	GlobalSection(SolutionProperties) = preSolution
		HideSolutionNode = FALSE
	EndGlobalSection
	GlobalSection(NestedProjects) = preSolution
		{CCCB6EB1-155F-4612-8261-7D4462AB7F09} = {8F602D42-96BA-479F-917E-DDABB304DC4C}
		{975F4124-E87B-457E-94EE-A93B410DD532} = {8F602D42-96BA-479F-917E-DDABB304DC4C}
		{FE0B5CD8-0171-43A1-9C9F-90A0211C22EF} = {8F602D42-96BA-479F-917E-DDABB304DC4C}
		{6C4403E9-C288-45A1-888B-77C0CF3C54B0} = {8F602D42-96BA-479F-917E-DDABB304DC4C}
		{EE41548B-4FF1-4B0F-9AD8-0A378EE73B41} = {CCCB6EB1-155F-4612-8261-7D4462AB7F09}
		{5C19276C-34DA-4C47-B072-3120DD3C2CCB} = {CCCB6EB1-155F-4612-8261-7D4462AB7F09}
		{8361EEA1-975B-4114-874F-19CEF45C3B5D} = {975F4124-E87B-457E-94EE-A93B410DD532}
		{3528CA57-59B7-4425-ABC5-9914661EA2EB} = {FE0B5CD8-0171-43A1-9C9F-90A0211C22EF}
		{90C94DA8-0C19-45BD-ABB0-63A694CDD3AC} = {6C4403E9-C288-45A1-888B-77C0CF3C54B0}
		{4388729B-67AC-48F1-97CD-EDC40BEA393B} = {6346A35F-1B50-4ED3-8430-6E6670F19B02}
	EndGlobalSection
EndGlobal
