
Microsoft Visual Studio Solution File, Format Version 12.00
# Visual Studio 2012
Project("{2150E333-8FDC-42A3-9474-1A3956D46DE8}") = "1 - Layers", "1 - Layers", "{F34480B3-6B93-4AC4-B2C6-4074DC6D05D1}"
EndProject
Project("{2150E333-8FDC-42A3-9474-1A3956D46DE8}") = "2 - Tools", "2 - Tools", "{514C5A6D-C950-4AF5-BCBB-87D33FB98E81}"
EndProject
Project("{2150E333-8FDC-42A3-9474-1A3956D46DE8}") = "1.1 Presentation", "1.1 Presentation", "{2F6F3D51-C8CE-41CA-A4EE-754718828504}"
EndProject
Project("{2150E333-8FDC-42A3-9474-1A3956D46DE8}") = "1.2 Application", "1.2 Application", "{B20E6235-AA38-47ED-9F0C-E7BC99FB6C3A}"
EndProject
Project("{2150E333-8FDC-42A3-9474-1A3956D46DE8}") = "1.3 Repositories", "1.3 Repositories", "{2D268290-B781-44AE-95C9-5951E036E94E}"
EndProject
Project("{2150E333-8FDC-42A3-9474-1A3956D46DE8}") = "1.4 Domain", "1.4 Domain", "{4D36DB8C-16F2-484C-BF4C-21B14FD6496C}"
EndProject
Project("{FAE04EC0-301F-11D3-BF4B-00C04F79EFBC}") = "Wikitec.Application", "Wikitec.Application\Wikitec.Application.csproj", "{DFC28B70-D9AC-49F4-B5D9-44097CBF7F5E}"
EndProject
Project("{FAE04EC0-301F-11D3-BF4B-00C04F79EFBC}") = "Wikitec.Repository", "Wikitec.Repository\Wikitec.Repository.csproj", "{6C845885-3763-489A-97E5-9F3B31C0DE82}"
EndProject
Project("{FAE04EC0-301F-11D3-BF4B-00C04F79EFBC}") = "Wikitec.Domain", "Wikitec.Domain\Wikitec.Domain.csproj", "{B5969854-98ED-4F9D-9A20-2FBE1AC00423}"
EndProject
Project("{FAE04EC0-301F-11D3-BF4B-00C04F79EFBC}") = "InitDatabase", "InitDatabase\InitDatabase.csproj", "{4388729B-67AC-48F1-97CD-EDC40BEA393B}"
EndProject
Project("{FAE04EC0-301F-11D3-BF4B-00C04F79EFBC}") = "Wikitec.DataTransferObject", "Wikitec.DataTransferObject\Wikitec.DataTransferObject.csproj", "{BB3D3F7D-3F36-4033-B6F6-77CFC066A6E7}"
EndProject
Project("{FAE04EC0-301F-11D3-BF4B-00C04F79EFBC}") = "Web.Portal", "Web.Portal\Web.Portal.csproj", "{3104D25C-122C-4D92-88DC-F84674DEAC32}"
EndProject
Global
	GlobalSection(SolutionConfigurationPlatforms) = preSolution
		Debug|Any CPU = Debug|Any CPU
		Release|Any CPU = Release|Any CPU
	EndGlobalSection
	GlobalSection(ProjectConfigurationPlatforms) = postSolution
		{DFC28B70-D9AC-49F4-B5D9-44097CBF7F5E}.Debug|Any CPU.ActiveCfg = Debug|Any CPU
		{DFC28B70-D9AC-49F4-B5D9-44097CBF7F5E}.Debug|Any CPU.Build.0 = Debug|Any CPU
		{DFC28B70-D9AC-49F4-B5D9-44097CBF7F5E}.Release|Any CPU.ActiveCfg = Release|Any CPU
		{DFC28B70-D9AC-49F4-B5D9-44097CBF7F5E}.Release|Any CPU.Build.0 = Release|Any CPU
		{6C845885-3763-489A-97E5-9F3B31C0DE82}.Debug|Any CPU.ActiveCfg = Debug|Any CPU
		{6C845885-3763-489A-97E5-9F3B31C0DE82}.Debug|Any CPU.Build.0 = Debug|Any CPU
		{6C845885-3763-489A-97E5-9F3B31C0DE82}.Release|Any CPU.ActiveCfg = Release|Any CPU
		{6C845885-3763-489A-97E5-9F3B31C0DE82}.Release|Any CPU.Build.0 = Release|Any CPU
		{B5969854-98ED-4F9D-9A20-2FBE1AC00423}.Debug|Any CPU.ActiveCfg = Debug|Any CPU
		{B5969854-98ED-4F9D-9A20-2FBE1AC00423}.Debug|Any CPU.Build.0 = Debug|Any CPU
		{B5969854-98ED-4F9D-9A20-2FBE1AC00423}.Release|Any CPU.ActiveCfg = Release|Any CPU
		{B5969854-98ED-4F9D-9A20-2FBE1AC00423}.Release|Any CPU.Build.0 = Release|Any CPU
		{4388729B-67AC-48F1-97CD-EDC40BEA393B}.Debug|Any CPU.ActiveCfg = Debug|Any CPU
		{4388729B-67AC-48F1-97CD-EDC40BEA393B}.Debug|Any CPU.Build.0 = Debug|Any CPU
		{4388729B-67AC-48F1-97CD-EDC40BEA393B}.Release|Any CPU.ActiveCfg = Release|Any CPU
		{4388729B-67AC-48F1-97CD-EDC40BEA393B}.Release|Any CPU.Build.0 = Release|Any CPU
		{BB3D3F7D-3F36-4033-B6F6-77CFC066A6E7}.Debug|Any CPU.ActiveCfg = Debug|Any CPU
		{BB3D3F7D-3F36-4033-B6F6-77CFC066A6E7}.Debug|Any CPU.Build.0 = Debug|Any CPU
		{BB3D3F7D-3F36-4033-B6F6-77CFC066A6E7}.Release|Any CPU.ActiveCfg = Release|Any CPU
		{BB3D3F7D-3F36-4033-B6F6-77CFC066A6E7}.Release|Any CPU.Build.0 = Release|Any CPU
		{3104D25C-122C-4D92-88DC-F84674DEAC32}.Debug|Any CPU.ActiveCfg = Debug|Any CPU
		{3104D25C-122C-4D92-88DC-F84674DEAC32}.Debug|Any CPU.Build.0 = Debug|Any CPU
		{3104D25C-122C-4D92-88DC-F84674DEAC32}.Release|Any CPU.ActiveCfg = Release|Any CPU
		{3104D25C-122C-4D92-88DC-F84674DEAC32}.Release|Any CPU.Build.0 = Release|Any CPU
	EndGlobalSection
	GlobalSection(SolutionProperties) = preSolution
		HideSolutionNode = FALSE
	EndGlobalSection
	GlobalSection(NestedProjects) = preSolution
		{2F6F3D51-C8CE-41CA-A4EE-754718828504} = {F34480B3-6B93-4AC4-B2C6-4074DC6D05D1}
		{B20E6235-AA38-47ED-9F0C-E7BC99FB6C3A} = {F34480B3-6B93-4AC4-B2C6-4074DC6D05D1}
		{2D268290-B781-44AE-95C9-5951E036E94E} = {F34480B3-6B93-4AC4-B2C6-4074DC6D05D1}
		{4D36DB8C-16F2-484C-BF4C-21B14FD6496C} = {F34480B3-6B93-4AC4-B2C6-4074DC6D05D1}
		{4388729B-67AC-48F1-97CD-EDC40BEA393B} = {514C5A6D-C950-4AF5-BCBB-87D33FB98E81}
		{3104D25C-122C-4D92-88DC-F84674DEAC32} = {2F6F3D51-C8CE-41CA-A4EE-754718828504}
		{DFC28B70-D9AC-49F4-B5D9-44097CBF7F5E} = {B20E6235-AA38-47ED-9F0C-E7BC99FB6C3A}
		{6C845885-3763-489A-97E5-9F3B31C0DE82} = {2D268290-B781-44AE-95C9-5951E036E94E}
		{B5969854-98ED-4F9D-9A20-2FBE1AC00423} = {4D36DB8C-16F2-484C-BF4C-21B14FD6496C}
		{BB3D3F7D-3F36-4033-B6F6-77CFC066A6E7} = {4D36DB8C-16F2-484C-BF4C-21B14FD6496C}
	EndGlobalSection
EndGlobal
